
Microsoft Visual Studio Solution File, Format Version 12.00
# Visual Studio Version 17
VisualStudioVersion = 17.13.35828.75
MinimumVisualStudioVersion = 10.0.40219.1
Project("{FAE04EC0-301F-11D3-BF4B-00C04F79EFBC}") = "AdquisicionesADRES.API", "AdquisicionesADRES.API\AdquisicionesADRES.API.csproj", "{4A9F6B5D-E6EC-49EE-8379-19B071CB6747}"
EndProject
Project("{FAE04EC0-301F-11D3-BF4B-00C04F79EFBC}") = "AdquisicionesADRES.Domain", "AdquisicionesADRES.Domain\AdquisicionesADRES.Domain.csproj", "{6BE9E26B-BCCC-45A2-B1DB-4EA48B1231DD}"
EndProject
Project("{FAE04EC0-301F-11D3-BF4B-00C04F79EFBC}") = "AdquisicionesADRES.Application", "AdquisicionesADRES.Application\AdquisicionesADRES.Application.csproj", "{EDF2142B-332E-4DC2-A0C2-C80EFF22D12F}"
EndProject
Project("{FAE04EC0-301F-11D3-BF4B-00C04F79EFBC}") = "AdquisicionesADRES.Infrastructure", "AdquisicionesADRES.Infrastructure\AdquisicionesADRES.Infrastructure.csproj", "{73567DC0-52E1-430F-A8D4-894CF0BD891F}"
EndProject
Project("{FAE04EC0-301F-11D3-BF4B-00C04F79EFBC}") = "AdquisicionesADRES.BlazorClient", "AdquisicionesADRES.BlazorClient\AdquisicionesADRES.BlazorClient.csproj", "{160392B5-AB30-4414-B607-7A9933E0017E}"
EndProject
Global
	GlobalSection(SolutionConfigurationPlatforms) = preSolution
		Debug|Any CPU = Debug|Any CPU
		Release|Any CPU = Release|Any CPU
	EndGlobalSection
	GlobalSection(ProjectConfigurationPlatforms) = postSolution
		{4A9F6B5D-E6EC-49EE-8379-19B071CB6747}.Debug|Any CPU.ActiveCfg = Debug|Any CPU
		{4A9F6B5D-E6EC-49EE-8379-19B071CB6747}.Debug|Any CPU.Build.0 = Debug|Any CPU
		{4A9F6B5D-E6EC-49EE-8379-19B071CB6747}.Release|Any CPU.ActiveCfg = Release|Any CPU
		{4A9F6B5D-E6EC-49EE-8379-19B071CB6747}.Release|Any CPU.Build.0 = Release|Any CPU
		{6BE9E26B-BCCC-45A2-B1DB-4EA48B1231DD}.Debug|Any CPU.ActiveCfg = Debug|Any CPU
		{6BE9E26B-BCCC-45A2-B1DB-4EA48B1231DD}.Debug|Any CPU.Build.0 = Debug|Any CPU
		{6BE9E26B-BCCC-45A2-B1DB-4EA48B1231DD}.Release|Any CPU.ActiveCfg = Release|Any CPU
		{6BE9E26B-BCCC-45A2-B1DB-4EA48B1231DD}.Release|Any CPU.Build.0 = Release|Any CPU
		{EDF2142B-332E-4DC2-A0C2-C80EFF22D12F}.Debug|Any CPU.ActiveCfg = Debug|Any CPU
		{EDF2142B-332E-4DC2-A0C2-C80EFF22D12F}.Debug|Any CPU.Build.0 = Debug|Any CPU
		{EDF2142B-332E-4DC2-A0C2-C80EFF22D12F}.Release|Any CPU.ActiveCfg = Release|Any CPU
		{EDF2142B-332E-4DC2-A0C2-C80EFF22D12F}.Release|Any CPU.Build.0 = Release|Any CPU
		{73567DC0-52E1-430F-A8D4-894CF0BD891F}.Debug|Any CPU.ActiveCfg = Debug|Any CPU
		{73567DC0-52E1-430F-A8D4-894CF0BD891F}.Debug|Any CPU.Build.0 = Debug|Any CPU
		{73567DC0-52E1-430F-A8D4-894CF0BD891F}.Release|Any CPU.ActiveCfg = Release|Any CPU
		{73567DC0-52E1-430F-A8D4-894CF0BD891F}.Release|Any CPU.Build.0 = Release|Any CPU
		{160392B5-AB30-4414-B607-7A9933E0017E}.Debug|Any CPU.ActiveCfg = Debug|Any CPU
		{160392B5-AB30-4414-B607-7A9933E0017E}.Debug|Any CPU.Build.0 = Debug|Any CPU
		{160392B5-AB30-4414-B607-7A9933E0017E}.Release|Any CPU.ActiveCfg = Release|Any CPU
		{160392B5-AB30-4414-B607-7A9933E0017E}.Release|Any CPU.Build.0 = Release|Any CPU
	EndGlobalSection
	GlobalSection(SolutionProperties) = preSolution
		HideSolutionNode = FALSE
	EndGlobalSection
	GlobalSection(ExtensibilityGlobals) = postSolution
		SolutionGuid = {CCACC16C-6893-4A03-ACFD-E8B2FC047230}
	EndGlobalSection
EndGlobal
